{
  "version": "5",
  "redirects": {
    "https://esm.sh/@supabase/supabase-js@2": "https://esm.sh/@supabase/supabase-js@2.117.2"
  },
  "remote": {
    "https://esm.sh/@supabase/supabase-js@2.117.2": "6da4477d96ad4392b5a8be8f423384a3812cdd651df483e433ba422a69ff879b"
  },
  "workspace": {
    "packageJson": {
      "dependencies": [
        "npm:@supabase/supabase-js@^2.102.1",
        "npm:@tauri-apps/api@2",
        "npm:@tauri-apps/cli@2",
        "npm:@tauri-apps/plugin-http@^2.5.8",
        "npm:@tauri-apps/plugin-opener@2",
        "npm:@types/leaflet@^1.9.21",
        "npm:@types/react-dom@^19.1.6",
        "npm:@types/react@^19.1.8",
        "npm:@vitejs/plugin-react@^4.6.0",
        "npm:@vitest/ui@^4.1.4",
        "npm:jsdom@^29.0.2",
        "npm:leaflet@^1.9.4",
        "npm:react-dom@^19.1.0",
        "npm:react-leaflet@5",
        "npm:react-router-dom@^7.14.0",
        "npm:react@^19.1.0",
        "npm:typescript@~5.8.3",
        "npm:vite@^7.0.4",
        "npm:vitest@^4.1.4"
      ]
    }
  }
}
